
Microsoft Visual Studio Solution File, Format Version 12.00
# Visual Studio Version 17
VisualStudioVersion = 17.0.31903.59
MinimumVisualStudioVersion = 10.0.40219.1
Project("{FAE04EC0-301F-11D3-BF4B-00C04F79EFBC}") = "FinancialManager.Core", "FinancialManager.Core\FinancialManager.Core.csproj", "{FCB65D79-2E0F-4E37-A141-C13995D21343}"
EndProject
Global
	GlobalSection(SolutionConfigurationPlatforms) = preSolution
		Debug|Any CPU = Debug|Any CPU
		Release|Any CPU = Release|Any CPU
	EndGlobalSection
	GlobalSection(SolutionProperties) = preSolution
		HideSolutionNode = FALSE
	EndGlobalSection
	GlobalSection(ProjectConfigurationPlatforms) = postSolution
		{FCB65D79-2E0F-4E37-A141-C13995D21343}.Debug|Any CPU.ActiveCfg = Debug|Any CPU
		{FCB65D79-2E0F-4E37-A141-C13995D21343}.Debug|Any CPU.Build.0 = Debug|Any CPU
		{FCB65D79-2E0F-4E37-A141-C13995D21343}.Release|Any CPU.ActiveCfg = Release|Any CPU
		{FCB65D79-2E0F-4E37-A141-C13995D21343}.Release|Any CPU.Build.0 = Release|Any CPU
	EndGlobalSection
EndGlobal
